
Microsoft Visual Studio Solution File, Format Version 12.00
# Visual Studio Version 17
VisualStudioVersion = 17.0.31903.59
MinimumVisualStudioVersion = 10.0.40219.1
Project("{FAE04EC0-301F-11D3-BF4B-00C04F79EFBC}") = "SmellyDirtyApp", "SmellyDirtyApp\SmellyDirtyApp.csproj", "{05F8F9A1-B7DA-4A42-8BB0-61C4D9943FBA}"
EndProject
Global
	GlobalSection(SolutionConfigurationPlatforms) = preSolution
		Debug|Any CPU = Debug|Any CPU
		Release|Any CPU = Release|Any CPU
	EndGlobalSection
	GlobalSection(ProjectConfigurationPlatforms) = postSolution
		{05F8F9A1-B7DA-4A42-8BB0-61C4D9943FBA}.Debug|Any CPU.ActiveCfg = Debug|Any CPU
		{05F8F9A1-B7DA-4A42-8BB0-61C4D9943FBA}.Debug|Any CPU.Build.0 = Debug|Any CPU
		{05F8F9A1-B7DA-4A42-8BB0-61C4D9943FBA}.Release|Any CPU.ActiveCfg = Release|Any CPU
		{05F8F9A1-B7DA-4A42-8BB0-61C4D9943FBA}.Release|Any CPU.Build.0 = Release|Any CPU
	EndGlobalSection
	GlobalSection(SolutionProperties) = preSolution
		HideSolutionNode = FALSE
	EndGlobalSection
	GlobalSection(ExtensibilityGlobals) = postSolution
		SolutionGuid = {827C1163-E1DA-4A50-9B46-4AF66EE4E3BA}
	EndGlobalSection
EndGlobal
